
Microsoft Visual Studio Solution File, Format Version 12.00
# Visual Studio Version 17
VisualStudioVersion = 17.14.36301.6 d17.14
MinimumVisualStudioVersion = 10.0.40219.1
Project("{FAE04EC0-301F-11D3-BF4B-00C04F79EFBC}") = "TestLogin", "TestLogin\TestLogin.csproj", "{0C983F59-8FB7-4513-A8FA-9F0F72E9195A}"
EndProject
Global
	GlobalSection(SolutionConfigurationPlatforms) = preSolution
		Debug|Any CPU = Debug|Any CPU
		Release|Any CPU = Release|Any CPU
	EndGlobalSection
	GlobalSection(ProjectConfigurationPlatforms) = postSolution
		{0C983F59-8FB7-4513-A8FA-9F0F72E9195A}.Debug|Any CPU.ActiveCfg = Debug|Any CPU
		{0C983F59-8FB7-4513-A8FA-9F0F72E9195A}.Debug|Any CPU.Build.0 = Debug|Any CPU
		{0C983F59-8FB7-4513-A8FA-9F0F72E9195A}.Release|Any CPU.ActiveCfg = Release|Any CPU
		{0C983F59-8FB7-4513-A8FA-9F0F72E9195A}.Release|Any CPU.Build.0 = Release|Any CPU
	EndGlobalSection
	GlobalSection(SolutionProperties) = preSolution
		HideSolutionNode = FALSE
	EndGlobalSection
	GlobalSection(ExtensibilityGlobals) = postSolution
		SolutionGuid = {9F63E504-014F-4D9F-B393-0F92D9516A87}
	EndGlobalSection
EndGlobal
